
Microsoft Visual Studio Solution File, Format Version 12.00
# Visual Studio Version 17
VisualStudioVersion = 17.7.34024.191
MinimumVisualStudioVersion = 10.0.40219.1
Project("{FAE04EC0-301F-11D3-BF4B-00C04F79EFBC}") = "StripePaymentExample", "StripePaymentExample.csproj", "{C0150816-F674-466F-960B-7D9027FFD4C6}"
EndProject
Global
	GlobalSection(SolutionConfigurationPlatforms) = preSolution
		Debug|Any CPU = Debug|Any CPU
		Release|Any CPU = Release|Any CPU
	EndGlobalSection
	GlobalSection(ProjectConfigurationPlatforms) = postSolution
		{C0150816-F674-466F-960B-7D9027FFD4C6}.Debug|Any CPU.ActiveCfg = Debug|Any CPU
		{C0150816-F674-466F-960B-7D9027FFD4C6}.Debug|Any CPU.Build.0 = Debug|Any CPU
		{C0150816-F674-466F-960B-7D9027FFD4C6}.Release|Any CPU.ActiveCfg = Release|Any CPU
		{C0150816-F674-466F-960B-7D9027FFD4C6}.Release|Any CPU.Build.0 = Release|Any CPU
	EndGlobalSection
	GlobalSection(SolutionProperties) = preSolution
		HideSolutionNode = FALSE
	EndGlobalSection
	GlobalSection(ExtensibilityGlobals) = postSolution
		SolutionGuid = {A986A062-8282-4668-9E56-2C8E2B6C3AE0}
	EndGlobalSection
EndGlobal
